// !$*UTF8*$!
{
	archiveVersion = 1;
	classes = {
	};
	objectVersion = 46;
	objects = {

/* Begin PBXBuildFile section */
		628BBD611C891E0900F393D4 /* AppDelegate.swift in Sources */ = {isa = PBXBuildFile; fileRef = 628BBD601C891E0900F393D4 /* AppDelegate.swift */; };
		628BBD631C891E0900F393D4 /* ViewController.swift in Sources */ = {isa = PBXBuildFile; fileRef = 628BBD621C891E0900F393D4 /* ViewController.swift */; };
		628BBD651C891E0900F393D4 /* Assets.xcassets in Resources */ = {isa = PBXBuildFile; fileRef = 628BBD641C891E0900F393D4 /* Assets.xcassets */; };
		628BBD681C891E0900F393D4 /* Main.storyboard in Resources */ = {isa = PBXBuildFile; fileRef = 628BBD661C891E0900F393D4 /* Main.storyboard */; };
		628BBD701C891E8500F393D4 /* Reg.swift in Sources */ = {isa = PBXBuildFile; fileRef = 628BBD6F1C891E8500F393D4 /* Reg.swift */; };
		628BBD721C891EA200F393D4 /* BinaryFileHandler.swift in Sources */ = {isa = PBXBuildFile; fileRef = 628BBD711C891EA200F393D4 /* BinaryFileHandler.swift */; };
		62B4DF4A1C8B4B1400D4EAF1 /* Packet.swift in Sources */ = {isa = PBXBuildFile; fileRef = 62B4DF491C8B4B1400D4EAF1 /* Packet.swift */; };
/* End PBXBuildFile section */

/* Begin PBXFileReference section */
		628BBD5D1C891E0900F393D4 /* BinaryFileHandler.app */ = {isa = PBXFileReference; explicitFileType = wrapper.application; includeInIndex = 0; path = BinaryFileHandler.app; sourceTree = BUILT_PRODUCTS_DIR; };
		628BBD601C891E0900F393D4 /* AppDelegate.swift */ = {isa = PBXFileReference; lastKnownFileType = sourcecode.swift; path = AppDelegate.swift; sourceTree = "<group>"; };
		628BBD621C891E0900F393D4 /* ViewController.swift */ = {isa = PBXFileReference; lastKnownFileType = sourcecode.swift; path = ViewController.swift; sourceTree = "<group>"; };
		628BBD641C891E0900F393D4 /* Assets.xcassets */ = {isa = PBXFileReference; lastKnownFileType = folder.assetcatalog; path = Assets.xcassets; sourceTree = "<group>"; };
		628BBD671C891E0900F393D4 /* Base */ = {isa = PBXFileReference; lastKnownFileType = file.storyboard; name = Base; path = Base.lproj/Main.storyboard; sourceTree = "<group>"; };
		628BBD691C891E0900F393D4 /* Info.plist */ = {isa = PBXFileReference; lastKnownFileType = text.plist.xml; path = Info.plist; sourceTree = "<group>"; };
		628BBD6F1C891E8500F393D4 /* Reg.swift */ = {isa = PBXFileReference; fileEncoding = 4; lastKnownFileType = sourcecode.swift; path = Reg.swift; sourceTree = "<group>"; };
		628BBD711C891EA200F393D4 /* BinaryFileHandler.swift */ = {isa = PBXFileReference; fileEncoding = 4; lastKnownFileType = sourcecode.swift; path = BinaryFileHandler.swift; sourceTree = "<group>"; };
		62B4DF491C8B4B1400D4EAF1 /* Packet.swift */ = {isa = PBXFileReference; fileEncoding = 4; lastKnownFileType = sourcecode.swift; path = Packet.swift; sourceTree = "<group>"; };
/* End PBXFileReference section */

/* Begin PBXFrameworksBuildPhase section */
		628BBD5A1C891E0900F393D4 /* Frameworks */ = {
			isa = PBXFrameworksBuildPhase;
			buildActionMask = 2147483647;
			files = (
			);
			runOnlyForDeploymentPostprocessing = 0;
		};
/* End PBXFrameworksBuildPhase section */

/* Begin PBXGroup section */
		628BBD541C891E0900F393D4 = {
			isa = PBXGroup;
			children = (
				628BBD5F1C891E0900F393D4 /* BinaryFileHandler */,
				628BBD5E1C891E0900F393D4 /* Products */,
			);
			sourceTree = "<group>";
		};
		628BBD5E1C891E0900F393D4 /* Products */ = {
			isa = PBXGroup;
			children = (
				628BBD5D1C891E0900F393D4 /* BinaryFileHandler.app */,
			);
			name = Products;
			sourceTree = "<group>";
		};
		628BBD5F1C891E0900F393D4 /* BinaryFileHandler */ = {
			isa = PBXGroup;
			children = (
				628BBD601C891E0900F393D4 /* AppDelegate.swift */,
				628BBD641C891E0900F393D4 /* Assets.xcassets */,
				628BBD711C891EA200F393D4 /* BinaryFileHandler.swift */,
				628BBD691C891E0900F393D4 /* Info.plist */,
				628BBD661C891E0900F393D4 /* Main.storyboard */,
				628BBD6F1C891E8500F393D4 /* Reg.swift */,
				628BBD621C891E0900F393D4 /* ViewController.swift */,
				62B4DF491C8B4B1400D4EAF1 /* Packet.swift */,
			);
			path = BinaryFileHandler;
			sourceTree = "<group>";
		};
/* End PBXGroup section */

/* Begin PBXNativeTarget section */
		628BBD5C1C891E0900F393D4 /* BinaryFileHandler */ = {
			isa = PBXNativeTarget;
			buildConfigurationList = 628BBD6C1C891E0900F393D4 /* Build configuration list for PBXNativeTarget "BinaryFileHandler" */;
			buildPhases = (
				628BBD591C891E0900F393D4 /* Sources */,
				628BBD5A1C891E0900F393D4 /* Frameworks */,
				628BBD5B1C891E0900F393D4 /* Resources */,
			);
			buildRules = (
			);
			dependencies = (
			);
			name = BinaryFileHandler;
			productName = BinaryFileHandler;
			productReference = 628BBD5D1C891E0900F393D4 /* BinaryFileHandler.app */;
			productType = "com.apple.product-type.application";
		};
/* End PBXNativeTarget section */

/* Begin PBXProject section */
		628BBD551C891E0900F393D4 /* Project object */ = {
			isa = PBXProject;
			attributes = {
				LastSwiftUpdateCheck = 0720;
				LastUpgradeCheck = 0720;
				ORGANIZATIONNAME = "Henrique Valcanaia";
				TargetAttributes = {
					628BBD5C1C891E0900F393D4 = {
						CreatedOnToolsVersion = 7.2.1;
					};
				};
			};
			buildConfigurationList = 628BBD581C891E0900F393D4 /* Build configuration list for PBXProject "BinaryFileHandler" */;
			compatibilityVersion = "Xcode 3.2";
			developmentRegion = English;
			hasScannedForEncodings = 0;
			knownRegions = (
				en,
				Base,
			);
			mainGroup = 628BBD541C891E0900F393D4;
			productRefGroup = 628BBD5E1C891E0900F393D4 /* Products */;
			projectDirPath = "";
			projectRoot = "";
			targets = (
				628BBD5C1C891E0900F393D4 /* BinaryFileHandler */,
			);
		};
/* End PBXProject section */

/* Begin PBXResourcesBuildPhase section */
		628BBD5B1C891E0900F393D4 /* Resources */ = {
			isa = PBXResourcesBuildPhase;
			buildActionMask = 2147483647;
			files = (
				628BBD651C891E0900F393D4 /* Assets.xcassets in Resources */,
				628BBD681C891E0900F393D4 /* Main.storyboard in Resources */,
			);
			runOnlyForDeploymentPostprocessing = 0;
		};
/* End PBXResourcesBuildPhase section */

/* Begin PBXSourcesBuildPhase section */
		628BBD591C891E0900F393D4 /* Sources */ = {
			isa = PBXSourcesBuildPhase;
			buildActionMask = 2147483647;
			files = (
				628BBD631C891E0900F393D4 /* ViewController.swift in Sources */,
				628BBD721C891EA200F393D4 /* BinaryFileHandler.swift in Sources */,
				62B4DF4A1C8B4B1400D4EAF1 /* Packet.swift in Sources */,
				628BBD611C891E0900F393D4 /* AppDelegate.swift in Sources */,
				628BBD701C891E8500F393D4 /* Reg.swift in Sources */,
			);
			runOnlyForDeploymentPostprocessing = 0;
		};
/* End PBXSourcesBuildPhase section */

/* Begin PBXVariantGroup section */
		628BBD661C891E0900F393D4 /* Main.storyboard */ = {
			isa = PBXVariantGroup;
			children = (
				628BBD671C891E0900F393D4 /* Base */,
			);
			name = Main.storyboard;
			sourceTree = "<group>";
		};
/* End PBXVariantGroup section */

/* Begin XCBuildConfiguration section */
		628BBD6A1C891E0900F393D4 /* Debug */ = {
			isa = XCBuildConfiguration;
			buildSettings = {
				ALWAYS_SEARCH_USER_PATHS = NO;
				CLANG_CXX_LANGUAGE_STANDARD = "gnu++0x";
				CLANG_CXX_LIBRARY = "libc++";
				CLANG_ENABLE_MODULES = YES;
				CLANG_ENABLE_OBJC_ARC = YES;
				CLANG_WARN_BOOL_CONVERSION = YES;
				CLANG_WARN_CONSTANT_CONVERSION = YES;
				CLANG_WARN_DIRECT_OBJC_ISA_USAGE = YES_ERROR;
				CLANG_WARN_EMPTY_BODY = YES;
				CLANG_WARN_ENUM_CONVERSION = YES;
				CLANG_WARN_INT_CONVERSION = YES;
				CLANG_WARN_OBJC_ROOT_CLASS = YES_ERROR;
				CLANG_WARN_UNREACHABLE_CODE = YES;
				CLANG_WARN__DUPLICATE_METHOD_MATCH = YES;
				CODE_SIGN_IDENTITY = "-";
				COPY_PHASE_STRIP = NO;
				DEBUG_INFORMATION_FORMAT = dwarf;
				ENABLE_STRICT_OBJC_MSGSEND = YES;
				ENABLE_TESTABILITY = YES;
				GCC_C_LANGUAGE_STANDARD = gnu99;
				GCC_DYNAMIC_NO_PIC = NO;
				GCC_NO_COMMON_BLOCKS = YES;
				GCC_OPTIMIZATION_LEVEL = 0;
				GCC_PREPROCESSOR_DEFINITIONS = (
					"DEBUG=1",
					"$(inherited)",
				);
				GCC_WARN_64_TO_32_BIT_CONVERSION = YES;
				GCC_WARN_ABOUT_RETURN_TYPE = YES_ERROR;
				GCC_WARN_UNDECLARED_SELECTOR = YES;
				GCC_WARN_UNINITIALIZED_AUTOS = YES_AGGRESSIVE;
				GCC_WARN_UNUSED_FUNCTION = YES;
				GCC_WARN_UNUSED_VARIABLE = YES;
				MACOSX_DEPLOYMENT_TARGET = 10.11;
				MTL_ENABLE_DEBUG_INFO = YES;
				ONLY_ACTIVE_ARCH = YES;
				SDKROOT = macosx;
				SWIFT_OPTIMIZATION_LEVEL = "-Onone";
			};
			name = Debug;
		};
		628BBD6B1C891E0900F393D4 /* Release */ = {
			isa = XCBuildConfiguration;
			buildSettings = {
				ALWAYS_SEARCH_USER_PATHS = NO;
				CLANG_CXX_LANGUAGE_STANDARD = "gnu++0x";
				CLANG_CXX_LIBRARY = "libc++";
				CLANG_ENABLE_MODULES = YES;
				CLANG_ENABLE_OBJC_ARC = YES;
				CLANG_WARN_BOOL_CONVERSION = YES;
				CLANG_WARN_CONSTANT_CONVERSION = YES;
				CLANG_WARN_DIRECT_OBJC_ISA_USAGE = YES_ERROR;
				CLANG_WARN_EMPTY_BODY = YES;
				CLANG_WARN_ENUM_CONVERSION = YES;
				CLANG_WARN_INT_CONVERSION = YES;
				CLANG_WARN_OBJC_ROOT_CLASS = YES_ERROR;
				CLANG_WARN_UNREACHABLE_CODE = YES;
				CLANG_WARN__DUPLICATE_METHOD_MATCH = YES;
				CODE_SIGN_IDENTITY = "-";
				COPY_PHASE_STRIP = NO;
				DEBUG_INFORMATION_FORMAT = "dwarf-with-dsym";
				ENABLE_NS_ASSERTIONS = NO;
				ENABLE_STRICT_OBJC_MSGSEND = YES;
				GCC_C_LANGUAGE_STANDARD = gnu99;
				GCC_NO_COMMON_BLOCKS = YES;
				GCC_WARN_64_TO_32_BIT_CONVERSION = YES;
				GCC_WARN_ABOUT_RETURN_TYPE = YES_ERROR;
				GCC_WARN_UNDECLARED_SELECTOR = YES;
				GCC_WARN_UNINITIALIZED_AUTOS = YES_AGGRESSIVE;
				GCC_WARN_UNUSED_FUNCTION = YES;
				GCC_WARN_UNUSED_VARIABLE = YES;
				MACOSX_DEPLOYMENT_TARGET = 10.11;
				MTL_ENABLE_DEBUG_INFO = NO;
				SDKROOT = macosx;
			};
			name = Release;
		};
		628BBD6D1C891E0900F393D4 /* Debug */ = {
			isa = XCBuildConfiguration;
			buildSettings = {
				ASSETCATALOG_COMPILER_APPICON_NAME = AppIcon;
				COMBINE_HIDPI_IMAGES = YES;
				INFOPLIST_FILE = BinaryFileHandler/Info.plist;
				LD_RUNPATH_SEARCH_PATHS = "$(inherited) @executable_path/../Frameworks";
				PRODUCT_BUNDLE_IDENTIFIER = xyz.henriquevalcanaia.BinaryFileHandler;
				PRODUCT_NAME = "$(TARGET_NAME)";
			};
			name = Debug;
		};
		628BBD6E1C891E0900F393D4 /* Release */ = {
			isa = XCBuildConfiguration;
			buildSettings = {
				ASSETCATALOG_COMPILER_APPICON_NAME = AppIcon;
				COMBINE_HIDPI_IMAGES = YES;
				INFOPLIST_FILE = BinaryFileHandler/Info.plist;
				LD_RUNPATH_SEARCH_PATHS = "$(inherited) @executable_path/../Frameworks";
				PRODUCT_BUNDLE_IDENTIFIER = xyz.henriquevalcanaia.BinaryFileHandler;
				PRODUCT_NAME = "$(TARGET_NAME)";
			};
			name = Release;
		};
/* End XCBuildConfiguration section */

/* Begin XCConfigurationList section */
		628BBD581C891E0900F393D4 /* Build configuration list for PBXProject "BinaryFileHandler" */ = {
			isa = XCConfigurationList;
			buildConfigurations = (
				628BBD6A1C891E0900F393D4 /* Debug */,
				628BBD6B1C891E0900F393D4 /* Release */,
			);
			defaultConfigurationIsVisible = 0;
			defaultConfigurationName = Release;
		};
		628BBD6C1C891E0900F393D4 /* Build configuration list for PBXNativeTarget "BinaryFileHandler" */ = {
			isa = XCConfigurationList;
			buildConfigurations = (
				628BBD6D1C891E0900F393D4 /* Debug */,
				628BBD6E1C891E0900F393D4 /* Release */,
			);
			defaultConfigurationIsVisible = 0;
			defaultConfigurationName = Release;
		};
/* End XCConfigurationList section */
	};
	rootObject = 628BBD551C891E0900F393D4 /* Project object */;
}
